# generated by rye
# use `rye lock` or `rye sync` to update this lockfile
#
# last locked with the following flags:
#   pre: false
#   features: []
#   all-features: false
#   with-sources: false
#   generate-hashes: false
#   universal: false

-e file:.
cfgv==3.4.0
    # via pre-commit
distlib==0.3.8
    # via virtualenv
filelock==3.15.4
    # via virtualenv
identify==2.6.0
    # via pre-commit
nodeenv==1.9.1
    # via pre-commit
    # via pyright
numpy==2.1.0
    # via opencv-python
opencv-python==4.10.0.84
    # via receipt-scanner-model
pillow==10.4.0
    # via receipt-scanner-model
platformdirs==4.2.2
    # via virtualenv
pre-commit==3.8.0
pyright==1.1.378
pyyaml==6.0.2
    # via pre-commit
ruff==0.5.7
virtualenv==20.26.3
    # via pre-commit
